
Microsoft Visual Studio Solution File, Format Version 12.00
Project("{FAE04EC0-301F-11D3-BF4B-00C04F79EFBC}") = "ArkanoidJuego", "ArkanoidJuego.csproj", "{95996CCC-82D8-4DB7-9243-E3BB93D4CDBD}"
EndProject
Global
	GlobalSection(SolutionConfigurationPlatforms) = preSolution
		Debug|Any CPU = Debug|Any CPU
		Release|Any CPU = Release|Any CPU
	EndGlobalSection
	GlobalSection(ProjectConfigurationPlatforms) = postSolution
		{95996CCC-82D8-4DB7-9243-E3BB93D4CDBD}.Debug|Any CPU.ActiveCfg = Debug|Any CPU
		{95996CCC-82D8-4DB7-9243-E3BB93D4CDBD}.Debug|Any CPU.Build.0 = Debug|Any CPU
		{95996CCC-82D8-4DB7-9243-E3BB93D4CDBD}.Release|Any CPU.ActiveCfg = Release|Any CPU
		{95996CCC-82D8-4DB7-9243-E3BB93D4CDBD}.Release|Any CPU.Build.0 = Release|Any CPU
	EndGlobalSection
EndGlobal
